
Microsoft Visual Studio Solution File, Format Version 12.00
# Visual Studio Version 16
VisualStudioVersion = 16.0.31205.134
MinimumVisualStudioVersion = 10.0.40219.1
Project("{FAE04EC0-301F-11D3-BF4B-00C04F79EFBC}") = "Autocinema", "Autocinema\Autocinema.csproj", "{473E133E-6D85-4C74-B25A-5F2D01938E15}"
EndProject
Global
	GlobalSection(SolutionConfigurationPlatforms) = preSolution
		Debug|Any CPU = Debug|Any CPU
		Release|Any CPU = Release|Any CPU
	EndGlobalSection
	GlobalSection(ProjectConfigurationPlatforms) = postSolution
		{473E133E-6D85-4C74-B25A-5F2D01938E15}.Debug|Any CPU.ActiveCfg = Debug|Any CPU
		{473E133E-6D85-4C74-B25A-5F2D01938E15}.Debug|Any CPU.Build.0 = Debug|Any CPU
		{473E133E-6D85-4C74-B25A-5F2D01938E15}.Release|Any CPU.ActiveCfg = Release|Any CPU
		{473E133E-6D85-4C74-B25A-5F2D01938E15}.Release|Any CPU.Build.0 = Release|Any CPU
	EndGlobalSection
	GlobalSection(SolutionProperties) = preSolution
		HideSolutionNode = FALSE
	EndGlobalSection
	GlobalSection(ExtensibilityGlobals) = postSolution
		SolutionGuid = {EC04136C-6C1E-4CAC-B14B-B38ECEBF9391}
	EndGlobalSection
EndGlobal
